
Microsoft Visual Studio Solution File, Format Version 12.00
Project("{FAE04EC0-301F-11D3-BF4B-00C04F79EFBC}") = "recit.05.battleNet.en", "recit.05.battleNet.en\recit.05.battleNet.en.csproj", "{8088C089-1FF6-4C9B-9DC6-9613393D127D}"
EndProject
Project("{FAE04EC0-301F-11D3-BF4B-00C04F79EFBC}") = "recit.05.battleNet.en_Client", "recit.05.battleNet.en_Client\recit.05.battleNet.en_Client.csproj", "{6AC1D05C-B3BA-41E1-909E-CC06F3B0B0E8}"
EndProject
Global
	GlobalSection(SolutionConfigurationPlatforms) = preSolution
		Debug|Any CPU = Debug|Any CPU
		Release|Any CPU = Release|Any CPU
	EndGlobalSection
	GlobalSection(ProjectConfigurationPlatforms) = postSolution
		{8088C089-1FF6-4C9B-9DC6-9613393D127D}.Debug|Any CPU.ActiveCfg = Debug|Any CPU
		{8088C089-1FF6-4C9B-9DC6-9613393D127D}.Debug|Any CPU.Build.0 = Debug|Any CPU
		{8088C089-1FF6-4C9B-9DC6-9613393D127D}.Release|Any CPU.ActiveCfg = Release|Any CPU
		{8088C089-1FF6-4C9B-9DC6-9613393D127D}.Release|Any CPU.Build.0 = Release|Any CPU
		{6AC1D05C-B3BA-41E1-909E-CC06F3B0B0E8}.Debug|Any CPU.ActiveCfg = Debug|Any CPU
		{6AC1D05C-B3BA-41E1-909E-CC06F3B0B0E8}.Debug|Any CPU.Build.0 = Debug|Any CPU
		{6AC1D05C-B3BA-41E1-909E-CC06F3B0B0E8}.Release|Any CPU.ActiveCfg = Release|Any CPU
		{6AC1D05C-B3BA-41E1-909E-CC06F3B0B0E8}.Release|Any CPU.Build.0 = Release|Any CPU
	EndGlobalSection
EndGlobal
